{
  "name": "serverless-indieauth",
  "version": "1.0.0",
  "lockfileVersion": 3,
  "requires": true,
  "packages": {
    "": {
      "name": "serverless-indieauth",
      "version": "1.0.0",
      "license": "MIT",
      "dependencies": {
        "@benjifs/indieauth": "github:benjifs/indieauth"
      }
    },
    "node_modules/@benjifs/indieauth": {
      "version": "1.0.0",
      "resolved": "git+ssh://git@github.com/benjifs/indieauth.git#67f34226e9d675272d9d47877a50fa7ac7735448",
      "license": "MIT",
      "dependencies": {
        "bcryptjs": "^3.0.2",
        "jose": "^6.1.0",
        "microformats-parser": "^2.0.4"
      },
      "engines": {
        "node": ">=20.x",
        "npm": ">=8.x"
      }
    },
    "node_modules/bcryptjs": {
      "version": "3.0.2",
      "resolved": "https://registry.npmjs.org/bcryptjs/-/bcryptjs-3.0.2.tgz",
      "integrity": "sha512-k38b3XOZKv60C4E2hVsXTolJWfkGRMbILBIe2IBITXciy5bOsTKot5kDrf3ZfufQtQOUN5mXceUEpU1rTl9Uog==",
      "license": "BSD-3-Clause",
      "bin": {
        "bcrypt": "bin/bcrypt"
      }
    },
    "node_modules/entities": {
      "version": "6.0.1",
      "resolved": "https://registry.npmjs.org/entities/-/entities-6.0.1.tgz",
      "integrity": "sha512-aN97NXWF6AWBTahfVOIrB/NShkzi5H7F9r1s9mD3cDj4Ko5f2qhhVoYMibXF7GlLveb/D2ioWay8lxI97Ven3g==",
      "license": "BSD-2-Clause",
      "engines": {
        "node": ">=0.12"
      },
      "funding": {
        "url": "https://github.com/fb55/entities?sponsor=1"
      }
    },
    "node_modules/jose": {
      "version": "6.1.0",
      "resolved": "https://registry.npmjs.org/jose/-/jose-6.1.0.tgz",
      "integrity": "sha512-TTQJyoEoKcC1lscpVDCSsVgYzUDg/0Bt3WE//WiTPK6uOCQC2KZS4MpugbMWt/zyjkopgZoXhZuCi00gLudfUA==",
      "license": "MIT",
      "funding": {
        "url": "https://github.com/sponsors/panva"
      }
    },
    "node_modules/microformats-parser": {
      "version": "2.0.4",
      "resolved": "https://registry.npmjs.org/microformats-parser/-/microformats-parser-2.0.4.tgz",
      "integrity": "sha512-DA2yt3uz2JjupBGoNvaG9ngBP5vSTI1ky2yhxBai/RnQrlzo+gEzuCdvwIIjj2nh3uVPDybTP5u7uua7pOa6LA==",
      "license": "MIT",
      "dependencies": {
        "parse5": "^7.1.2"
      },
      "engines": {
        "node": ">=18"
      }
    },
    "node_modules/parse5": {
      "version": "7.3.0",
      "resolved": "https://registry.npmjs.org/parse5/-/parse5-7.3.0.tgz",
      "integrity": "sha512-IInvU7fabl34qmi9gY8XOVxhYyMyuH2xUNpb2q8/Y+7552KlejkRvqvD19nMoUW/uQGGbqNpA6Tufu5FL5BZgw==",
      "license": "MIT",
      "dependencies": {
        "entities": "^6.0.0"
      },
      "funding": {
        "url": "https://github.com/inikulin/parse5?sponsor=1"
      }
    }
  }
}
